// !$*UTF8*$!
{
	archiveVersion = 1;
	classes = {
	};
	objectVersion = 46;
	objects = {

/* Begin PBXBuildFile section */
		62FB26B51C8242B000BFE24F /* AppDelegate.swift in Sources */ = {isa = PBXBuildFile; fileRef = 62FB26B41C8242B000BFE24F /* AppDelegate.swift */; };
		62FB26B81C8242B000BFE24F /* vistasjerarquicas.xcdatamodeld in Sources */ = {isa = PBXBuildFile; fileRef = 62FB26B61C8242B000BFE24F /* vistasjerarquicas.xcdatamodeld */; };
		62FB26BA1C8242B000BFE24F /* MasterViewController.swift in Sources */ = {isa = PBXBuildFile; fileRef = 62FB26B91C8242B000BFE24F /* MasterViewController.swift */; };
		62FB26BC1C8242B000BFE24F /* DetailViewController.swift in Sources */ = {isa = PBXBuildFile; fileRef = 62FB26BB1C8242B000BFE24F /* DetailViewController.swift */; };
		62FB26BF1C8242B000BFE24F /* Main.storyboard in Resources */ = {isa = PBXBuildFile; fileRef = 62FB26BD1C8242B000BFE24F /* Main.storyboard */; };
		62FB26C11C8242B000BFE24F /* Assets.xcassets in Resources */ = {isa = PBXBuildFile; fileRef = 62FB26C01C8242B000BFE24F /* Assets.xcassets */; };
		62FB26C41C8242B000BFE24F /* LaunchScreen.storyboard in Resources */ = {isa = PBXBuildFile; fileRef = 62FB26C21C8242B000BFE24F /* LaunchScreen.storyboard */; };
/* End PBXBuildFile section */

/* Begin PBXFileReference section */
		62FB26B11C8242B000BFE24F /* vistasjerarquicas.app */ = {isa = PBXFileReference; explicitFileType = wrapper.application; includeInIndex = 0; path = vistasjerarquicas.app; sourceTree = BUILT_PRODUCTS_DIR; };
		62FB26B41C8242B000BFE24F /* AppDelegate.swift */ = {isa = PBXFileReference; lastKnownFileType = sourcecode.swift; path = AppDelegate.swift; sourceTree = "<group>"; };
		62FB26B71C8242B000BFE24F /* vistasjerarquicas.xcdatamodel */ = {isa = PBXFileReference; lastKnownFileType = wrapper.xcdatamodel; path = vistasjerarquicas.xcdatamodel; sourceTree = "<group>"; };
		62FB26B91C8242B000BFE24F /* MasterViewController.swift */ = {isa = PBXFileReference; lastKnownFileType = sourcecode.swift; path = MasterViewController.swift; sourceTree = "<group>"; };
		62FB26BB1C8242B000BFE24F /* DetailViewController.swift */ = {isa = PBXFileReference; lastKnownFileType = sourcecode.swift; path = DetailViewController.swift; sourceTree = "<group>"; };
		62FB26BE1C8242B000BFE24F /* Base */ = {isa = PBXFileReference; lastKnownFileType = file.storyboard; name = Base; path = Base.lproj/Main.storyboard; sourceTree = "<group>"; };
		62FB26C01C8242B000BFE24F /* Assets.xcassets */ = {isa = PBXFileReference; lastKnownFileType = folder.assetcatalog; path = Assets.xcassets; sourceTree = "<group>"; };
		62FB26C31C8242B000BFE24F /* Base */ = {isa = PBXFileReference; lastKnownFileType = file.storyboard; name = Base; path = Base.lproj/LaunchScreen.storyboard; sourceTree = "<group>"; };
		62FB26C51C8242B000BFE24F /* Info.plist */ = {isa = PBXFileReference; lastKnownFileType = text.plist.xml; path = Info.plist; sourceTree = "<group>"; };
/* End PBXFileReference section */

/* Begin PBXFrameworksBuildPhase section */
		62FB26AE1C8242B000BFE24F /* Frameworks */ = {
			isa = PBXFrameworksBuildPhase;
			buildActionMask = 2147483647;
			files = (
			);
			runOnlyForDeploymentPostprocessing = 0;
		};
/* End PBXFrameworksBuildPhase section */

/* Begin PBXGroup section */
		62FB26A81C8242B000BFE24F = {
			isa = PBXGroup;
			children = (
				62FB26B31C8242B000BFE24F /* vistasjerarquicas */,
				62FB26B21C8242B000BFE24F /* Products */,
			);
			sourceTree = "<group>";
		};
		62FB26B21C8242B000BFE24F /* Products */ = {
			isa = PBXGroup;
			children = (
				62FB26B11C8242B000BFE24F /* vistasjerarquicas.app */,
			);
			name = Products;
			sourceTree = "<group>";
		};
		62FB26B31C8242B000BFE24F /* vistasjerarquicas */ = {
			isa = PBXGroup;
			children = (
				62FB26B41C8242B000BFE24F /* AppDelegate.swift */,
				62FB26B91C8242B000BFE24F /* MasterViewController.swift */,
				62FB26BB1C8242B000BFE24F /* DetailViewController.swift */,
				62FB26BD1C8242B000BFE24F /* Main.storyboard */,
				62FB26C01C8242B000BFE24F /* Assets.xcassets */,
				62FB26C21C8242B000BFE24F /* LaunchScreen.storyboard */,
				62FB26C51C8242B000BFE24F /* Info.plist */,
				62FB26B61C8242B000BFE24F /* vistasjerarquicas.xcdatamodeld */,
			);
			path = vistasjerarquicas;
			sourceTree = "<group>";
		};
/* End PBXGroup section */

/* Begin PBXNativeTarget section */
		62FB26B01C8242B000BFE24F /* vistasjerarquicas */ = {
			isa = PBXNativeTarget;
			buildConfigurationList = 62FB26C81C8242B000BFE24F /* Build configuration list for PBXNativeTarget "vistasjerarquicas" */;
			buildPhases = (
				62FB26AD1C8242B000BFE24F /* Sources */,
				62FB26AE1C8242B000BFE24F /* Frameworks */,
				62FB26AF1C8242B000BFE24F /* Resources */,
			);
			buildRules = (
			);
			dependencies = (
			);
			name = vistasjerarquicas;
			productName = vistasjerarquicas;
			productReference = 62FB26B11C8242B000BFE24F /* vistasjerarquicas.app */;
			productType = "com.apple.product-type.application";
		};
/* End PBXNativeTarget section */

/* Begin PBXProject section */
		62FB26A91C8242B000BFE24F /* Project object */ = {
			isa = PBXProject;
			attributes = {
				LastSwiftUpdateCheck = 0720;
				LastUpgradeCheck = 0720;
				ORGANIZATIONNAME = es.com.suarez;
				TargetAttributes = {
					62FB26B01C8242B000BFE24F = {
						CreatedOnToolsVersion = 7.2.1;
					};
				};
			};
			buildConfigurationList = 62FB26AC1C8242B000BFE24F /* Build configuration list for PBXProject "vistasjerarquicas" */;
			compatibilityVersion = "Xcode 3.2";
			developmentRegion = English;
			hasScannedForEncodings = 0;
			knownRegions = (
				en,
				Base,
			);
			mainGroup = 62FB26A81C8242B000BFE24F;
			productRefGroup = 62FB26B21C8242B000BFE24F /* Products */;
			projectDirPath = "";
			projectRoot = "";
			targets = (
				62FB26B01C8242B000BFE24F /* vistasjerarquicas */,
			);
		};
/* End PBXProject section */

/* Begin PBXResourcesBuildPhase section */
		62FB26AF1C8242B000BFE24F /* Resources */ = {
			isa = PBXResourcesBuildPhase;
			buildActionMask = 2147483647;
			files = (
				62FB26C41C8242B000BFE24F /* LaunchScreen.storyboard in Resources */,
				62FB26C11C8242B000BFE24F /* Assets.xcassets in Resources */,
				62FB26BF1C8242B000BFE24F /* Main.storyboard in Resources */,
			);
			runOnlyForDeploymentPostprocessing = 0;
		};
/* End PBXResourcesBuildPhase section */

/* Begin PBXSourcesBuildPhase section */
		62FB26AD1C8242B000BFE24F /* Sources */ = {
			isa = PBXSourcesBuildPhase;
			buildActionMask = 2147483647;
			files = (
				62FB26B81C8242B000BFE24F /* vistasjerarquicas.xcdatamodeld in Sources */,
				62FB26B51C8242B000BFE24F /* AppDelegate.swift in Sources */,
				62FB26BA1C8242B000BFE24F /* MasterViewController.swift in Sources */,
				62FB26BC1C8242B000BFE24F /* DetailViewController.swift in Sources */,
			);
			runOnlyForDeploymentPostprocessing = 0;
		};
/* End PBXSourcesBuildPhase section */

/* Begin PBXVariantGroup section */
		62FB26BD1C8242B000BFE24F /* Main.storyboard */ = {
			isa = PBXVariantGroup;
			children = (
				62FB26BE1C8242B000BFE24F /* Base */,
			);
			name = Main.storyboard;
			sourceTree = "<group>";
		};
		62FB26C21C8242B000BFE24F /* LaunchScreen.storyboard */ = {
			isa = PBXVariantGroup;
			children = (
				62FB26C31C8242B000BFE24F /* Base */,
			);
			name = LaunchScreen.storyboard;
			sourceTree = "<group>";
		};
/* End PBXVariantGroup section */

/* Begin XCBuildConfiguration section */
		62FB26C61C8242B000BFE24F /* Debug */ = {
			isa = XCBuildConfiguration;
			buildSettings = {
				ALWAYS_SEARCH_USER_PATHS = NO;
				CLANG_CXX_LANGUAGE_STANDARD = "gnu++0x";
				CLANG_CXX_LIBRARY = "libc++";
				CLANG_ENABLE_MODULES = YES;
				CLANG_ENABLE_OBJC_ARC = YES;
				CLANG_WARN_BOOL_CONVERSION = YES;
				CLANG_WARN_CONSTANT_CONVERSION = YES;
				CLANG_WARN_DIRECT_OBJC_ISA_USAGE = YES_ERROR;
				CLANG_WARN_EMPTY_BODY = YES;
				CLANG_WARN_ENUM_CONVERSION = YES;
				CLANG_WARN_INT_CONVERSION = YES;
				CLANG_WARN_OBJC_ROOT_CLASS = YES_ERROR;
				CLANG_WARN_UNREACHABLE_CODE = YES;
				CLANG_WARN__DUPLICATE_METHOD_MATCH = YES;
				"CODE_SIGN_IDENTITY[sdk=iphoneos*]" = "iPhone Developer";
				COPY_PHASE_STRIP = NO;
				DEBUG_INFORMATION_FORMAT = dwarf;
				ENABLE_STRICT_OBJC_MSGSEND = YES;
				ENABLE_TESTABILITY = YES;
				GCC_C_LANGUAGE_STANDARD = gnu99;
				GCC_DYNAMIC_NO_PIC = NO;
				GCC_NO_COMMON_BLOCKS = YES;
				GCC_OPTIMIZATION_LEVEL = 0;
				GCC_PREPROCESSOR_DEFINITIONS = (
					"DEBUG=1",
					"$(inherited)",
				);
				GCC_WARN_64_TO_32_BIT_CONVERSION = YES;
				GCC_WARN_ABOUT_RETURN_TYPE = YES_ERROR;
				GCC_WARN_UNDECLARED_SELECTOR = YES;
				GCC_WARN_UNINITIALIZED_AUTOS = YES_AGGRESSIVE;
				GCC_WARN_UNUSED_FUNCTION = YES;
				GCC_WARN_UNUSED_VARIABLE = YES;
				IPHONEOS_DEPLOYMENT_TARGET = 9.2;
				MTL_ENABLE_DEBUG_INFO = YES;
				ONLY_ACTIVE_ARCH = YES;
				SDKROOT = iphoneos;
				SWIFT_OPTIMIZATION_LEVEL = "-Onone";
				TARGETED_DEVICE_FAMILY = "1,2";
			};
			name = Debug;
		};
		62FB26C71C8242B000BFE24F /* Release */ = {
			isa = XCBuildConfiguration;
			buildSettings = {
				ALWAYS_SEARCH_USER_PATHS = NO;
				CLANG_CXX_LANGUAGE_STANDARD = "gnu++0x";
				CLANG_CXX_LIBRARY = "libc++";
				CLANG_ENABLE_MODULES = YES;
				CLANG_ENABLE_OBJC_ARC = YES;
				CLANG_WARN_BOOL_CONVERSION = YES;
				CLANG_WARN_CONSTANT_CONVERSION = YES;
				CLANG_WARN_DIRECT_OBJC_ISA_USAGE = YES_ERROR;
				CLANG_WARN_EMPTY_BODY = YES;
				CLANG_WARN_ENUM_CONVERSION = YES;
				CLANG_WARN_INT_CONVERSION = YES;
				CLANG_WARN_OBJC_ROOT_CLASS = YES_ERROR;
				CLANG_WARN_UNREACHABLE_CODE = YES;
				CLANG_WARN__DUPLICATE_METHOD_MATCH = YES;
				"CODE_SIGN_IDENTITY[sdk=iphoneos*]" = "iPhone Developer";
				COPY_PHASE_STRIP = NO;
				DEBUG_INFORMATION_FORMAT = "dwarf-with-dsym";
				ENABLE_NS_ASSERTIONS = NO;
				ENABLE_STRICT_OBJC_MSGSEND = YES;
				GCC_C_LANGUAGE_STANDARD = gnu99;
				GCC_NO_COMMON_BLOCKS = YES;
				GCC_WARN_64_TO_32_BIT_CONVERSION = YES;
				GCC_WARN_ABOUT_RETURN_TYPE = YES_ERROR;
				GCC_WARN_UNDECLARED_SELECTOR = YES;
				GCC_WARN_UNINITIALIZED_AUTOS = YES_AGGRESSIVE;
				GCC_WARN_UNUSED_FUNCTION = YES;
				GCC_WARN_UNUSED_VARIABLE = YES;
				IPHONEOS_DEPLOYMENT_TARGET = 9.2;
				MTL_ENABLE_DEBUG_INFO = NO;
				SDKROOT = iphoneos;
				TARGETED_DEVICE_FAMILY = "1,2";
				VALIDATE_PRODUCT = YES;
			};
			name = Release;
		};
		62FB26C91C8242B000BFE24F /* Debug */ = {
			isa = XCBuildConfiguration;
			buildSettings = {
				ASSETCATALOG_COMPILER_APPICON_NAME = AppIcon;
				INFOPLIST_FILE = vistasjerarquicas/Info.plist;
				LD_RUNPATH_SEARCH_PATHS = "$(inherited) @executable_path/Frameworks";
				PRODUCT_BUNDLE_IDENTIFIER = es.com.suarez.coursera.vistasjerarquicas;
				PRODUCT_NAME = "$(TARGET_NAME)";
			};
			name = Debug;
		};
		62FB26CA1C8242B000BFE24F /* Release */ = {
			isa = XCBuildConfiguration;
			buildSettings = {
				ASSETCATALOG_COMPILER_APPICON_NAME = AppIcon;
				INFOPLIST_FILE = vistasjerarquicas/Info.plist;
				LD_RUNPATH_SEARCH_PATHS = "$(inherited) @executable_path/Frameworks";
				PRODUCT_BUNDLE_IDENTIFIER = es.com.suarez.coursera.vistasjerarquicas;
				PRODUCT_NAME = "$(TARGET_NAME)";
			};
			name = Release;
		};
/* End XCBuildConfiguration section */

/* Begin XCConfigurationList section */
		62FB26AC1C8242B000BFE24F /* Build configuration list for PBXProject "vistasjerarquicas" */ = {
			isa = XCConfigurationList;
			buildConfigurations = (
				62FB26C61C8242B000BFE24F /* Debug */,
				62FB26C71C8242B000BFE24F /* Release */,
			);
			defaultConfigurationIsVisible = 0;
			defaultConfigurationName = Release;
		};
		62FB26C81C8242B000BFE24F /* Build configuration list for PBXNativeTarget "vistasjerarquicas" */ = {
			isa = XCConfigurationList;
			buildConfigurations = (
				62FB26C91C8242B000BFE24F /* Debug */,
				62FB26CA1C8242B000BFE24F /* Release */,
			);
			defaultConfigurationIsVisible = 0;
		};
/* End XCConfigurationList section */

/* Begin XCVersionGroup section */
		62FB26B61C8242B000BFE24F /* vistasjerarquicas.xcdatamodeld */ = {
			isa = XCVersionGroup;
			children = (
				62FB26B71C8242B000BFE24F /* vistasjerarquicas.xcdatamodel */,
			);
			currentVersion = 62FB26B71C8242B000BFE24F /* vistasjerarquicas.xcdatamodel */;
			path = vistasjerarquicas.xcdatamodeld;
			sourceTree = "<group>";
			versionGroupType = wrapper.xcdatamodel;
		};
/* End XCVersionGroup section */
	};
	rootObject = 62FB26A91C8242B000BFE24F /* Project object */;
}
